// !$*UTF8*$!
{
	archiveVersion = 1;
	classes = {
	};
	objectVersion = 56;
	objects = {

/* Begin PBXBuildFile section */
		5E9F34482978CC7D009095EA /* ThirdScreenTableViewCell.swift in Sources */ = {isa = PBXBuildFile; fileRef = 5E9F34462978CC7D009095EA /* ThirdScreenTableViewCell.swift */; };
		5E9F34492978CC7D009095EA /* ThirdScreenTableViewCell.xib in Resources */ = {isa = PBXBuildFile; fileRef = 5E9F34472978CC7D009095EA /* ThirdScreenTableViewCell.xib */; };
		5E9F344C2978CE3D009095EA /* ThirdScreenViewController.swift in Sources */ = {isa = PBXBuildFile; fileRef = 5E9F344A2978CE3D009095EA /* ThirdScreenViewController.swift */; };
		5E9F344D2978CE3D009095EA /* ThirdScreenViewController.xib in Resources */ = {isa = PBXBuildFile; fileRef = 5E9F344B2978CE3D009095EA /* ThirdScreenViewController.xib */; };
		5E9F344F2978E135009095EA /* UIImageView.swift in Sources */ = {isa = PBXBuildFile; fileRef = 5E9F344E2978E135009095EA /* UIImageView.swift */; };
		5E9F34532978EA5D009095EA /* UsersData.swift in Sources */ = {isa = PBXBuildFile; fileRef = 5E9F34522978EA5D009095EA /* UsersData.swift */; };
		5EB0EF75297801230028CCA5 /* AppDelegate.swift in Sources */ = {isa = PBXBuildFile; fileRef = 5EB0EF74297801230028CCA5 /* AppDelegate.swift */; };
		5EB0EF7E297801240028CCA5 /* Assets.xcassets in Resources */ = {isa = PBXBuildFile; fileRef = 5EB0EF7D297801240028CCA5 /* Assets.xcassets */; };
		5EB0EF81297801240028CCA5 /* LaunchScreen.storyboard in Resources */ = {isa = PBXBuildFile; fileRef = 5EB0EF7F297801240028CCA5 /* LaunchScreen.storyboard */; };
		5EB0EF8C297801240028CCA5 /* KMSuitmediaTests.swift in Sources */ = {isa = PBXBuildFile; fileRef = 5EB0EF8B297801240028CCA5 /* KMSuitmediaTests.swift */; };
		5EB0EF96297801240028CCA5 /* KMSuitmediaUITests.swift in Sources */ = {isa = PBXBuildFile; fileRef = 5EB0EF95297801240028CCA5 /* KMSuitmediaUITests.swift */; };
		5EB0EF98297801240028CCA5 /* KMSuitmediaUITestsLaunchTests.swift in Sources */ = {isa = PBXBuildFile; fileRef = 5EB0EF97297801240028CCA5 /* KMSuitmediaUITestsLaunchTests.swift */; };
		5EB0EFAC29780FC80028CCA5 /* APIConstant.swift in Sources */ = {isa = PBXBuildFile; fileRef = 5EB0EFAB29780FC80028CCA5 /* APIConstant.swift */; };
		5EB0EFAE297810F50028CCA5 /* APIManager.swift in Sources */ = {isa = PBXBuildFile; fileRef = 5EB0EFAD297810F50028CCA5 /* APIManager.swift */; };
		5EB0EFB0297812570028CCA5 /* UserModel.swift in Sources */ = {isa = PBXBuildFile; fileRef = 5EB0EFAF297812570028CCA5 /* UserModel.swift */; };
		5EB0EFB529782D160028CCA5 /* FirstScreenViewController.swift in Sources */ = {isa = PBXBuildFile; fileRef = 5EB0EFB329782D160028CCA5 /* FirstScreenViewController.swift */; };
		5EB0EFB629782D160028CCA5 /* FirstScreenViewController.xib in Resources */ = {isa = PBXBuildFile; fileRef = 5EB0EFB429782D160028CCA5 /* FirstScreenViewController.xib */; };
		5EB0EFB829784AEA0028CCA5 /* String.swift in Sources */ = {isa = PBXBuildFile; fileRef = 5EB0EFB729784AEA0028CCA5 /* String.swift */; };
		5EB0EFBD29785F2C0028CCA5 /* SecondScreenViewController.swift in Sources */ = {isa = PBXBuildFile; fileRef = 5EB0EFBB29785F2C0028CCA5 /* SecondScreenViewController.swift */; };
		5EB0EFBE29785F2C0028CCA5 /* SecondScreenViewController.xib in Resources */ = {isa = PBXBuildFile; fileRef = 5EB0EFBC29785F2C0028CCA5 /* SecondScreenViewController.xib */; };
/* End PBXBuildFile section */

/* Begin PBXContainerItemProxy section */
		5EB0EF88297801240028CCA5 /* PBXContainerItemProxy */ = {
			isa = PBXContainerItemProxy;
			containerPortal = 5EB0EF69297801230028CCA5 /* Project object */;
			proxyType = 1;
			remoteGlobalIDString = 5EB0EF70297801230028CCA5;
			remoteInfo = KMSuitmedia;
		};
		5EB0EF92297801240028CCA5 /* PBXContainerItemProxy */ = {
			isa = PBXContainerItemProxy;
			containerPortal = 5EB0EF69297801230028CCA5 /* Project object */;
			proxyType = 1;
			remoteGlobalIDString = 5EB0EF70297801230028CCA5;
			remoteInfo = KMSuitmedia;
		};
/* End PBXContainerItemProxy section */

/* Begin PBXFileReference section */
		5E9F34462978CC7D009095EA /* ThirdScreenTableViewCell.swift */ = {isa = PBXFileReference; lastKnownFileType = sourcecode.swift; path = ThirdScreenTableViewCell.swift; sourceTree = "<group>"; };
		5E9F34472978CC7D009095EA /* ThirdScreenTableViewCell.xib */ = {isa = PBXFileReference; lastKnownFileType = file.xib; path = ThirdScreenTableViewCell.xib; sourceTree = "<group>"; };
		5E9F344A2978CE3D009095EA /* ThirdScreenViewController.swift */ = {isa = PBXFileReference; lastKnownFileType = sourcecode.swift; path = ThirdScreenViewController.swift; sourceTree = "<group>"; };
		5E9F344B2978CE3D009095EA /* ThirdScreenViewController.xib */ = {isa = PBXFileReference; lastKnownFileType = file.xib; path = ThirdScreenViewController.xib; sourceTree = "<group>"; };
		5E9F344E2978E135009095EA /* UIImageView.swift */ = {isa = PBXFileReference; lastKnownFileType = sourcecode.swift; path = UIImageView.swift; sourceTree = "<group>"; };
		5E9F34522978EA5D009095EA /* UsersData.swift */ = {isa = PBXFileReference; lastKnownFileType = sourcecode.swift; path = UsersData.swift; sourceTree = "<group>"; };
		5EB0EF71297801230028CCA5 /* KMSuitmedia.app */ = {isa = PBXFileReference; explicitFileType = wrapper.application; includeInIndex = 0; path = KMSuitmedia.app; sourceTree = BUILT_PRODUCTS_DIR; };
		5EB0EF74297801230028CCA5 /* AppDelegate.swift */ = {isa = PBXFileReference; lastKnownFileType = sourcecode.swift; path = AppDelegate.swift; sourceTree = "<group>"; };
		5EB0EF7D297801240028CCA5 /* Assets.xcassets */ = {isa = PBXFileReference; lastKnownFileType = folder.assetcatalog; path = Assets.xcassets; sourceTree = "<group>"; };
		5EB0EF80297801240028CCA5 /* Base */ = {isa = PBXFileReference; lastKnownFileType = file.storyboard; name = Base; path = Base.lproj/LaunchScreen.storyboard; sourceTree = "<group>"; };
		5EB0EF82297801240028CCA5 /* Info.plist */ = {isa = PBXFileReference; lastKnownFileType = text.plist.xml; path = Info.plist; sourceTree = "<group>"; };
		5EB0EF87297801240028CCA5 /* KMSuitmediaTests.xctest */ = {isa = PBXFileReference; explicitFileType = wrapper.cfbundle; includeInIndex = 0; path = KMSuitmediaTests.xctest; sourceTree = BUILT_PRODUCTS_DIR; };
		5EB0EF8B297801240028CCA5 /* KMSuitmediaTests.swift */ = {isa = PBXFileReference; lastKnownFileType = sourcecode.swift; path = KMSuitmediaTests.swift; sourceTree = "<group>"; };
		5EB0EF91297801240028CCA5 /* KMSuitmediaUITests.xctest */ = {isa = PBXFileReference; explicitFileType = wrapper.cfbundle; includeInIndex = 0; path = KMSuitmediaUITests.xctest; sourceTree = BUILT_PRODUCTS_DIR; };
		5EB0EF95297801240028CCA5 /* KMSuitmediaUITests.swift */ = {isa = PBXFileReference; lastKnownFileType = sourcecode.swift; path = KMSuitmediaUITests.swift; sourceTree = "<group>"; };
		5EB0EF97297801240028CCA5 /* KMSuitmediaUITestsLaunchTests.swift */ = {isa = PBXFileReference; lastKnownFileType = sourcecode.swift; path = KMSuitmediaUITestsLaunchTests.swift; sourceTree = "<group>"; };
		5EB0EFAB29780FC80028CCA5 /* APIConstant.swift */ = {isa = PBXFileReference; lastKnownFileType = sourcecode.swift; path = APIConstant.swift; sourceTree = "<group>"; };
		5EB0EFAD297810F50028CCA5 /* APIManager.swift */ = {isa = PBXFileReference; lastKnownFileType = sourcecode.swift; path = APIManager.swift; sourceTree = "<group>"; };
		5EB0EFAF297812570028CCA5 /* UserModel.swift */ = {isa = PBXFileReference; lastKnownFileType = sourcecode.swift; path = UserModel.swift; sourceTree = "<group>"; };
		5EB0EFB329782D160028CCA5 /* FirstScreenViewController.swift */ = {isa = PBXFileReference; lastKnownFileType = sourcecode.swift; path = FirstScreenViewController.swift; sourceTree = "<group>"; };
		5EB0EFB429782D160028CCA5 /* FirstScreenViewController.xib */ = {isa = PBXFileReference; lastKnownFileType = file.xib; path = FirstScreenViewController.xib; sourceTree = "<group>"; };
		5EB0EFB729784AEA0028CCA5 /* String.swift */ = {isa = PBXFileReference; lastKnownFileType = sourcecode.swift; path = String.swift; sourceTree = "<group>"; };
		5EB0EFBB29785F2C0028CCA5 /* SecondScreenViewController.swift */ = {isa = PBXFileReference; lastKnownFileType = sourcecode.swift; path = SecondScreenViewController.swift; sourceTree = "<group>"; };
		5EB0EFBC29785F2C0028CCA5 /* SecondScreenViewController.xib */ = {isa = PBXFileReference; lastKnownFileType = file.xib; path = SecondScreenViewController.xib; sourceTree = "<group>"; };
/* End PBXFileReference section */

/* Begin PBXFrameworksBuildPhase section */
		5EB0EF6E297801230028CCA5 /* Frameworks */ = {
			isa = PBXFrameworksBuildPhase;
			buildActionMask = 2147483647;
			files = (
			);
			runOnlyForDeploymentPostprocessing = 0;
		};
		5EB0EF84297801240028CCA5 /* Frameworks */ = {
			isa = PBXFrameworksBuildPhase;
			buildActionMask = 2147483647;
			files = (
			);
			runOnlyForDeploymentPostprocessing = 0;
		};
		5EB0EF8E297801240028CCA5 /* Frameworks */ = {
			isa = PBXFrameworksBuildPhase;
			buildActionMask = 2147483647;
			files = (
			);
			runOnlyForDeploymentPostprocessing = 0;
		};
/* End PBXFrameworksBuildPhase section */

/* Begin PBXGroup section */
		5E9F34442978CC11009095EA /* ViewController */ = {
			isa = PBXGroup;
			children = (
				5E9F344A2978CE3D009095EA /* ThirdScreenViewController.swift */,
				5E9F344B2978CE3D009095EA /* ThirdScreenViewController.xib */,
			);
			path = ViewController;
			sourceTree = "<group>";
		};
		5E9F34452978CC31009095EA /* ViewCell */ = {
			isa = PBXGroup;
			children = (
				5E9F34462978CC7D009095EA /* ThirdScreenTableViewCell.swift */,
				5E9F34472978CC7D009095EA /* ThirdScreenTableViewCell.xib */,
			);
			path = ViewCell;
			sourceTree = "<group>";
		};
		5E9F34502978EA30009095EA /* ViewController */ = {
			isa = PBXGroup;
			children = (
				5EB0EFBB29785F2C0028CCA5 /* SecondScreenViewController.swift */,
				5EB0EFBC29785F2C0028CCA5 /* SecondScreenViewController.xib */,
			);
			path = ViewController;
			sourceTree = "<group>";
		};
		5E9F34512978EA45009095EA /* Model */ = {
			isa = PBXGroup;
			children = (
				5E9F34522978EA5D009095EA /* UsersData.swift */,
			);
			path = Model;
			sourceTree = "<group>";
		};
		5EB0EF68297801230028CCA5 = {
			isa = PBXGroup;
			children = (
				5EB0EF73297801230028CCA5 /* KMSuitmedia */,
				5EB0EF8A297801240028CCA5 /* KMSuitmediaTests */,
				5EB0EF94297801240028CCA5 /* KMSuitmediaUITests */,
				5EB0EF72297801230028CCA5 /* Products */,
			);
			sourceTree = "<group>";
		};
		5EB0EF72297801230028CCA5 /* Products */ = {
			isa = PBXGroup;
			children = (
				5EB0EF71297801230028CCA5 /* KMSuitmedia.app */,
				5EB0EF87297801240028CCA5 /* KMSuitmediaTests.xctest */,
				5EB0EF91297801240028CCA5 /* KMSuitmediaUITests.xctest */,
			);
			name = Products;
			sourceTree = "<group>";
		};
		5EB0EF73297801230028CCA5 /* KMSuitmedia */ = {
			isa = PBXGroup;
			children = (
				5EB0EF82297801240028CCA5 /* Info.plist */,
				5EB0EF74297801230028CCA5 /* AppDelegate.swift */,
				5EB0EF7D297801240028CCA5 /* Assets.xcassets */,
				5EB0EFAA29780FAE0028CCA5 /* CallAPI */,
				5EB0EFA9297804390028CCA5 /* Extension */,
				5EB0EFA5297801620028CCA5 /* FirstScreen */,
				5EB0EF7F297801240028CCA5 /* LaunchScreen.storyboard */,
				5EB0EFA42978015B0028CCA5 /* Model */,
				5EB0EFA72978018A0028CCA5 /* SecondScreen */,
				5EB0EFA8297801920028CCA5 /* ThirdScreen */,
			);
			path = KMSuitmedia;
			sourceTree = "<group>";
		};
		5EB0EF8A297801240028CCA5 /* KMSuitmediaTests */ = {
			isa = PBXGroup;
			children = (
				5EB0EF8B297801240028CCA5 /* KMSuitmediaTests.swift */,
			);
			path = KMSuitmediaTests;
			sourceTree = "<group>";
		};
		5EB0EF94297801240028CCA5 /* KMSuitmediaUITests */ = {
			isa = PBXGroup;
			children = (
				5EB0EF95297801240028CCA5 /* KMSuitmediaUITests.swift */,
				5EB0EF97297801240028CCA5 /* KMSuitmediaUITestsLaunchTests.swift */,
			);
			path = KMSuitmediaUITests;
			sourceTree = "<group>";
		};
		5EB0EFA42978015B0028CCA5 /* Model */ = {
			isa = PBXGroup;
			children = (
				5EB0EFAF297812570028CCA5 /* UserModel.swift */,
			);
			path = Model;
			sourceTree = "<group>";
		};
		5EB0EFA5297801620028CCA5 /* FirstScreen */ = {
			isa = PBXGroup;
			children = (
				5EB0EFA6297801730028CCA5 /* ViewController */,
			);
			path = FirstScreen;
			sourceTree = "<group>";
		};
		5EB0EFA6297801730028CCA5 /* ViewController */ = {
			isa = PBXGroup;
			children = (
				5EB0EFB329782D160028CCA5 /* FirstScreenViewController.swift */,
				5EB0EFB429782D160028CCA5 /* FirstScreenViewController.xib */,
			);
			path = ViewController;
			sourceTree = "<group>";
		};
		5EB0EFA72978018A0028CCA5 /* SecondScreen */ = {
			isa = PBXGroup;
			children = (
				5E9F34512978EA45009095EA /* Model */,
				5E9F34502978EA30009095EA /* ViewController */,
			);
			path = SecondScreen;
			sourceTree = "<group>";
		};
		5EB0EFA8297801920028CCA5 /* ThirdScreen */ = {
			isa = PBXGroup;
			children = (
				5E9F34452978CC31009095EA /* ViewCell */,
				5E9F34442978CC11009095EA /* ViewController */,
			);
			path = ThirdScreen;
			sourceTree = "<group>";
		};
		5EB0EFA9297804390028CCA5 /* Extension */ = {
			isa = PBXGroup;
			children = (
				5EB0EFB729784AEA0028CCA5 /* String.swift */,
				5E9F344E2978E135009095EA /* UIImageView.swift */,
			);
			path = Extension;
			sourceTree = "<group>";
		};
		5EB0EFAA29780FAE0028CCA5 /* CallAPI */ = {
			isa = PBXGroup;
			children = (
				5EB0EFAB29780FC80028CCA5 /* APIConstant.swift */,
				5EB0EFAD297810F50028CCA5 /* APIManager.swift */,
			);
			path = CallAPI;
			sourceTree = "<group>";
		};
/* End PBXGroup section */

/* Begin PBXNativeTarget section */
		5EB0EF70297801230028CCA5 /* KMSuitmedia */ = {
			isa = PBXNativeTarget;
			buildConfigurationList = 5EB0EF9B297801240028CCA5 /* Build configuration list for PBXNativeTarget "KMSuitmedia" */;
			buildPhases = (
				5EB0EF6D297801230028CCA5 /* Sources */,
				5EB0EF6E297801230028CCA5 /* Frameworks */,
				5EB0EF6F297801230028CCA5 /* Resources */,
			);
			buildRules = (
			);
			dependencies = (
			);
			name = KMSuitmedia;
			productName = KMSuitmedia;
			productReference = 5EB0EF71297801230028CCA5 /* KMSuitmedia.app */;
			productType = "com.apple.product-type.application";
		};
		5EB0EF86297801240028CCA5 /* KMSuitmediaTests */ = {
			isa = PBXNativeTarget;
			buildConfigurationList = 5EB0EF9E297801240028CCA5 /* Build configuration list for PBXNativeTarget "KMSuitmediaTests" */;
			buildPhases = (
				5EB0EF83297801240028CCA5 /* Sources */,
				5EB0EF84297801240028CCA5 /* Frameworks */,
				5EB0EF85297801240028CCA5 /* Resources */,
			);
			buildRules = (
			);
			dependencies = (
				5EB0EF89297801240028CCA5 /* PBXTargetDependency */,
			);
			name = KMSuitmediaTests;
			productName = KMSuitmediaTests;
			productReference = 5EB0EF87297801240028CCA5 /* KMSuitmediaTests.xctest */;
			productType = "com.apple.product-type.bundle.unit-test";
		};
		5EB0EF90297801240028CCA5 /* KMSuitmediaUITests */ = {
			isa = PBXNativeTarget;
			buildConfigurationList = 5EB0EFA1297801240028CCA5 /* Build configuration list for PBXNativeTarget "KMSuitmediaUITests" */;
			buildPhases = (
				5EB0EF8D297801240028CCA5 /* Sources */,
				5EB0EF8E297801240028CCA5 /* Frameworks */,
				5EB0EF8F297801240028CCA5 /* Resources */,
			);
			buildRules = (
			);
			dependencies = (
				5EB0EF93297801240028CCA5 /* PBXTargetDependency */,
			);
			name = KMSuitmediaUITests;
			productName = KMSuitmediaUITests;
			productReference = 5EB0EF91297801240028CCA5 /* KMSuitmediaUITests.xctest */;
			productType = "com.apple.product-type.bundle.ui-testing";
		};
/* End PBXNativeTarget section */

/* Begin PBXProject section */
		5EB0EF69297801230028CCA5 /* Project object */ = {
			isa = PBXProject;
			attributes = {
				BuildIndependentTargetsInParallel = 1;
				LastSwiftUpdateCheck = 1410;
				LastUpgradeCheck = 1410;
				TargetAttributes = {
					5EB0EF70297801230028CCA5 = {
						CreatedOnToolsVersion = 14.1;
					};
					5EB0EF86297801240028CCA5 = {
						CreatedOnToolsVersion = 14.1;
						TestTargetID = 5EB0EF70297801230028CCA5;
					};
					5EB0EF90297801240028CCA5 = {
						CreatedOnToolsVersion = 14.1;
						TestTargetID = 5EB0EF70297801230028CCA5;
					};
				};
			};
			buildConfigurationList = 5EB0EF6C297801230028CCA5 /* Build configuration list for PBXProject "KMSuitmedia" */;
			compatibilityVersion = "Xcode 14.0";
			developmentRegion = en;
			hasScannedForEncodings = 0;
			knownRegions = (
				en,
				Base,
			);
			mainGroup = 5EB0EF68297801230028CCA5;
			productRefGroup = 5EB0EF72297801230028CCA5 /* Products */;
			projectDirPath = "";
			projectRoot = "";
			targets = (
				5EB0EF70297801230028CCA5 /* KMSuitmedia */,
				5EB0EF86297801240028CCA5 /* KMSuitmediaTests */,
				5EB0EF90297801240028CCA5 /* KMSuitmediaUITests */,
			);
		};
/* End PBXProject section */

/* Begin PBXResourcesBuildPhase section */
		5EB0EF6F297801230028CCA5 /* Resources */ = {
			isa = PBXResourcesBuildPhase;
			buildActionMask = 2147483647;
			files = (
				5E9F344D2978CE3D009095EA /* ThirdScreenViewController.xib in Resources */,
				5EB0EFB629782D160028CCA5 /* FirstScreenViewController.xib in Resources */,
				5EB0EF81297801240028CCA5 /* LaunchScreen.storyboard in Resources */,
				5EB0EFBE29785F2C0028CCA5 /* SecondScreenViewController.xib in Resources */,
				5EB0EF7E297801240028CCA5 /* Assets.xcassets in Resources */,
				5E9F34492978CC7D009095EA /* ThirdScreenTableViewCell.xib in Resources */,
			);
			runOnlyForDeploymentPostprocessing = 0;
		};
		5EB0EF85297801240028CCA5 /* Resources */ = {
			isa = PBXResourcesBuildPhase;
			buildActionMask = 2147483647;
			files = (
			);
			runOnlyForDeploymentPostprocessing = 0;
		};
		5EB0EF8F297801240028CCA5 /* Resources */ = {
			isa = PBXResourcesBuildPhase;
			buildActionMask = 2147483647;
			files = (
			);
			runOnlyForDeploymentPostprocessing = 0;
		};
/* End PBXResourcesBuildPhase section */

/* Begin PBXSourcesBuildPhase section */
		5EB0EF6D297801230028CCA5 /* Sources */ = {
			isa = PBXSourcesBuildPhase;
			buildActionMask = 2147483647;
			files = (
				5E9F34532978EA5D009095EA /* UsersData.swift in Sources */,
				5EB0EFB829784AEA0028CCA5 /* String.swift in Sources */,
				5E9F344C2978CE3D009095EA /* ThirdScreenViewController.swift in Sources */,
				5EB0EFAE297810F50028CCA5 /* APIManager.swift in Sources */,
				5EB0EFAC29780FC80028CCA5 /* APIConstant.swift in Sources */,
				5EB0EFB0297812570028CCA5 /* UserModel.swift in Sources */,
				5E9F34482978CC7D009095EA /* ThirdScreenTableViewCell.swift in Sources */,
				5E9F344F2978E135009095EA /* UIImageView.swift in Sources */,
				5EB0EFBD29785F2C0028CCA5 /* SecondScreenViewController.swift in Sources */,
				5EB0EF75297801230028CCA5 /* AppDelegate.swift in Sources */,
				5EB0EFB529782D160028CCA5 /* FirstScreenViewController.swift in Sources */,
			);
			runOnlyForDeploymentPostprocessing = 0;
		};
		5EB0EF83297801240028CCA5 /* Sources */ = {
			isa = PBXSourcesBuildPhase;
			buildActionMask = 2147483647;
			files = (
				5EB0EF8C297801240028CCA5 /* KMSuitmediaTests.swift in Sources */,
			);
			runOnlyForDeploymentPostprocessing = 0;
		};
		5EB0EF8D297801240028CCA5 /* Sources */ = {
			isa = PBXSourcesBuildPhase;
			buildActionMask = 2147483647;
			files = (
				5EB0EF98297801240028CCA5 /* KMSuitmediaUITestsLaunchTests.swift in Sources */,
				5EB0EF96297801240028CCA5 /* KMSuitmediaUITests.swift in Sources */,
			);
			runOnlyForDeploymentPostprocessing = 0;
		};
/* End PBXSourcesBuildPhase section */

/* Begin PBXTargetDependency section */
		5EB0EF89297801240028CCA5 /* PBXTargetDependency */ = {
			isa = PBXTargetDependency;
			target = 5EB0EF70297801230028CCA5 /* KMSuitmedia */;
			targetProxy = 5EB0EF88297801240028CCA5 /* PBXContainerItemProxy */;
		};
		5EB0EF93297801240028CCA5 /* PBXTargetDependency */ = {
			isa = PBXTargetDependency;
			target = 5EB0EF70297801230028CCA5 /* KMSuitmedia */;
			targetProxy = 5EB0EF92297801240028CCA5 /* PBXContainerItemProxy */;
		};
/* End PBXTargetDependency section */

/* Begin PBXVariantGroup section */
		5EB0EF7F297801240028CCA5 /* LaunchScreen.storyboard */ = {
			isa = PBXVariantGroup;
			children = (
				5EB0EF80297801240028CCA5 /* Base */,
			);
			name = LaunchScreen.storyboard;
			sourceTree = "<group>";
		};
/* End PBXVariantGroup section */

/* Begin XCBuildConfiguration section */
		5EB0EF99297801240028CCA5 /* Debug */ = {
			isa = XCBuildConfiguration;
			buildSettings = {
				ALWAYS_SEARCH_USER_PATHS = NO;
				CLANG_ANALYZER_NONNULL = YES;
				CLANG_ANALYZER_NUMBER_OBJECT_CONVERSION = YES_AGGRESSIVE;
				CLANG_CXX_LANGUAGE_STANDARD = "gnu++20";
				CLANG_ENABLE_MODULES = YES;
				CLANG_ENABLE_OBJC_ARC = YES;
				CLANG_ENABLE_OBJC_WEAK = YES;
				CLANG_WARN_BLOCK_CAPTURE_AUTORELEASING = YES;
				CLANG_WARN_BOOL_CONVERSION = YES;
				CLANG_WARN_COMMA = YES;
				CLANG_WARN_CONSTANT_CONVERSION = YES;
				CLANG_WARN_DEPRECATED_OBJC_IMPLEMENTATIONS = YES;
				CLANG_WARN_DIRECT_OBJC_ISA_USAGE = YES_ERROR;
				CLANG_WARN_DOCUMENTATION_COMMENTS = YES;
				CLANG_WARN_EMPTY_BODY = YES;
				CLANG_WARN_ENUM_CONVERSION = YES;
				CLANG_WARN_INFINITE_RECURSION = YES;
				CLANG_WARN_INT_CONVERSION = YES;
				CLANG_WARN_NON_LITERAL_NULL_CONVERSION = YES;
				CLANG_WARN_OBJC_IMPLICIT_RETAIN_SELF = YES;
				CLANG_WARN_OBJC_LITERAL_CONVERSION = YES;
				CLANG_WARN_OBJC_ROOT_CLASS = YES_ERROR;
				CLANG_WARN_QUOTED_INCLUDE_IN_FRAMEWORK_HEADER = YES;
				CLANG_WARN_RANGE_LOOP_ANALYSIS = YES;
				CLANG_WARN_STRICT_PROTOTYPES = YES;
				CLANG_WARN_SUSPICIOUS_MOVE = YES;
				CLANG_WARN_UNGUARDED_AVAILABILITY = YES_AGGRESSIVE;
				CLANG_WARN_UNREACHABLE_CODE = YES;
				CLANG_WARN__DUPLICATE_METHOD_MATCH = YES;
				COPY_PHASE_STRIP = NO;
				DEBUG_INFORMATION_FORMAT = dwarf;
				ENABLE_STRICT_OBJC_MSGSEND = YES;
				ENABLE_TESTABILITY = YES;
				GCC_C_LANGUAGE_STANDARD = gnu11;
				GCC_DYNAMIC_NO_PIC = NO;
				GCC_NO_COMMON_BLOCKS = YES;
				GCC_OPTIMIZATION_LEVEL = 0;
				GCC_PREPROCESSOR_DEFINITIONS = (
					"DEBUG=1",
					"$(inherited)",
				);
				GCC_WARN_64_TO_32_BIT_CONVERSION = YES;
				GCC_WARN_ABOUT_RETURN_TYPE = YES_ERROR;
				GCC_WARN_UNDECLARED_SELECTOR = YES;
				GCC_WARN_UNINITIALIZED_AUTOS = YES_AGGRESSIVE;
				GCC_WARN_UNUSED_FUNCTION = YES;
				GCC_WARN_UNUSED_VARIABLE = YES;
				IPHONEOS_DEPLOYMENT_TARGET = 16.1;
				MTL_ENABLE_DEBUG_INFO = INCLUDE_SOURCE;
				MTL_FAST_MATH = YES;
				ONLY_ACTIVE_ARCH = YES;
				SDKROOT = iphoneos;
				SWIFT_ACTIVE_COMPILATION_CONDITIONS = DEBUG;
				SWIFT_OPTIMIZATION_LEVEL = "-Onone";
			};
			name = Debug;
		};
		5EB0EF9A297801240028CCA5 /* Release */ = {
			isa = XCBuildConfiguration;
			buildSettings = {
				ALWAYS_SEARCH_USER_PATHS = NO;
				CLANG_ANALYZER_NONNULL = YES;
				CLANG_ANALYZER_NUMBER_OBJECT_CONVERSION = YES_AGGRESSIVE;
				CLANG_CXX_LANGUAGE_STANDARD = "gnu++20";
				CLANG_ENABLE_MODULES = YES;
				CLANG_ENABLE_OBJC_ARC = YES;
				CLANG_ENABLE_OBJC_WEAK = YES;
				CLANG_WARN_BLOCK_CAPTURE_AUTORELEASING = YES;
				CLANG_WARN_BOOL_CONVERSION = YES;
				CLANG_WARN_COMMA = YES;
				CLANG_WARN_CONSTANT_CONVERSION = YES;
				CLANG_WARN_DEPRECATED_OBJC_IMPLEMENTATIONS = YES;
				CLANG_WARN_DIRECT_OBJC_ISA_USAGE = YES_ERROR;
				CLANG_WARN_DOCUMENTATION_COMMENTS = YES;
				CLANG_WARN_EMPTY_BODY = YES;
				CLANG_WARN_ENUM_CONVERSION = YES;
				CLANG_WARN_INFINITE_RECURSION = YES;
				CLANG_WARN_INT_CONVERSION = YES;
				CLANG_WARN_NON_LITERAL_NULL_CONVERSION = YES;
				CLANG_WARN_OBJC_IMPLICIT_RETAIN_SELF = YES;
				CLANG_WARN_OBJC_LITERAL_CONVERSION = YES;
				CLANG_WARN_OBJC_ROOT_CLASS = YES_ERROR;
				CLANG_WARN_QUOTED_INCLUDE_IN_FRAMEWORK_HEADER = YES;
				CLANG_WARN_RANGE_LOOP_ANALYSIS = YES;
				CLANG_WARN_STRICT_PROTOTYPES = YES;
				CLANG_WARN_SUSPICIOUS_MOVE = YES;
				CLANG_WARN_UNGUARDED_AVAILABILITY = YES_AGGRESSIVE;
				CLANG_WARN_UNREACHABLE_CODE = YES;
				CLANG_WARN__DUPLICATE_METHOD_MATCH = YES;
				COPY_PHASE_STRIP = NO;
				DEBUG_INFORMATION_FORMAT = "dwarf-with-dsym";
				ENABLE_NS_ASSERTIONS = NO;
				ENABLE_STRICT_OBJC_MSGSEND = YES;
				GCC_C_LANGUAGE_STANDARD = gnu11;
				GCC_NO_COMMON_BLOCKS = YES;
				GCC_WARN_64_TO_32_BIT_CONVERSION = YES;
				GCC_WARN_ABOUT_RETURN_TYPE = YES_ERROR;
				GCC_WARN_UNDECLARED_SELECTOR = YES;
				GCC_WARN_UNINITIALIZED_AUTOS = YES_AGGRESSIVE;
				GCC_WARN_UNUSED_FUNCTION = YES;
				GCC_WARN_UNUSED_VARIABLE = YES;
				IPHONEOS_DEPLOYMENT_TARGET = 16.1;
				MTL_ENABLE_DEBUG_INFO = NO;
				MTL_FAST_MATH = YES;
				SDKROOT = iphoneos;
				SWIFT_COMPILATION_MODE = wholemodule;
				SWIFT_OPTIMIZATION_LEVEL = "-O";
				VALIDATE_PRODUCT = YES;
			};
			name = Release;
		};
		5EB0EF9C297801240028CCA5 /* Debug */ = {
			isa = XCBuildConfiguration;
			buildSettings = {
				ASSETCATALOG_COMPILER_APPICON_NAME = AppIcon;
				ASSETCATALOG_COMPILER_GLOBAL_ACCENT_COLOR_NAME = AccentColor;
				CODE_SIGN_STYLE = Automatic;
				CURRENT_PROJECT_VERSION = 1;
				DEVELOPMENT_TEAM = ZWQ368LVC2;
				GENERATE_INFOPLIST_FILE = YES;
				INFOPLIST_FILE = KMSuitmedia/Info.plist;
				INFOPLIST_KEY_UIApplicationSupportsIndirectInputEvents = YES;
				INFOPLIST_KEY_UILaunchStoryboardName = FirstScreenViewController.xib;
				INFOPLIST_KEY_UIStatusBarStyle = "";
				INFOPLIST_KEY_UISupportedInterfaceOrientations_iPad = "UIInterfaceOrientationPortrait UIInterfaceOrientationPortraitUpsideDown UIInterfaceOrientationLandscapeLeft UIInterfaceOrientationLandscapeRight";
				INFOPLIST_KEY_UISupportedInterfaceOrientations_iPhone = "UIInterfaceOrientationPortrait UIInterfaceOrientationLandscapeLeft UIInterfaceOrientationLandscapeRight";
				IPHONEOS_DEPLOYMENT_TARGET = 13.0;
				LD_RUNPATH_SEARCH_PATHS = (
					"$(inherited)",
					"@executable_path/Frameworks",
				);
				MARKETING_VERSION = 1.0;
				PRODUCT_BUNDLE_IDENTIFIER = com.andirayunita.KMSuitmedia;
				PRODUCT_NAME = "$(TARGET_NAME)";
				SWIFT_EMIT_LOC_STRINGS = YES;
				SWIFT_VERSION = 5.0;
				TARGETED_DEVICE_FAMILY = "1,2";
			};
			name = Debug;
		};
		5EB0EF9D297801240028CCA5 /* Release */ = {
			isa = XCBuildConfiguration;
			buildSettings = {
				ASSETCATALOG_COMPILER_APPICON_NAME = AppIcon;
				ASSETCATALOG_COMPILER_GLOBAL_ACCENT_COLOR_NAME = AccentColor;
				CODE_SIGN_STYLE = Automatic;
				CURRENT_PROJECT_VERSION = 1;
				DEVELOPMENT_TEAM = ZWQ368LVC2;
				GENERATE_INFOPLIST_FILE = YES;
				INFOPLIST_FILE = KMSuitmedia/Info.plist;
				INFOPLIST_KEY_UIApplicationSupportsIndirectInputEvents = YES;
				INFOPLIST_KEY_UILaunchStoryboardName = FirstScreenViewController.xib;
				INFOPLIST_KEY_UIStatusBarStyle = "";
				INFOPLIST_KEY_UISupportedInterfaceOrientations_iPad = "UIInterfaceOrientationPortrait UIInterfaceOrientationPortraitUpsideDown UIInterfaceOrientationLandscapeLeft UIInterfaceOrientationLandscapeRight";
				INFOPLIST_KEY_UISupportedInterfaceOrientations_iPhone = "UIInterfaceOrientationPortrait UIInterfaceOrientationLandscapeLeft UIInterfaceOrientationLandscapeRight";
				IPHONEOS_DEPLOYMENT_TARGET = 13.0;
				LD_RUNPATH_SEARCH_PATHS = (
					"$(inherited)",
					"@executable_path/Frameworks",
				);
				MARKETING_VERSION = 1.0;
				PRODUCT_BUNDLE_IDENTIFIER = com.andirayunita.KMSuitmedia;
				PRODUCT_NAME = "$(TARGET_NAME)";
				SWIFT_EMIT_LOC_STRINGS = YES;
				SWIFT_VERSION = 5.0;
				TARGETED_DEVICE_FAMILY = "1,2";
			};
			name = Release;
		};
		5EB0EF9F297801240028CCA5 /* Debug */ = {
			isa = XCBuildConfiguration;
			buildSettings = {
				ALWAYS_EMBED_SWIFT_STANDARD_LIBRARIES = YES;
				BUNDLE_LOADER = "$(TEST_HOST)";
				CODE_SIGN_STYLE = Automatic;
				CURRENT_PROJECT_VERSION = 1;
				DEVELOPMENT_TEAM = ZWQ368LVC2;
				GENERATE_INFOPLIST_FILE = YES;
				IPHONEOS_DEPLOYMENT_TARGET = 16.1;
				MARKETING_VERSION = 1.0;
				PRODUCT_BUNDLE_IDENTIFIER = com.andirayunita.KMSuitmediaTests;
				PRODUCT_NAME = "$(TARGET_NAME)";
				SWIFT_EMIT_LOC_STRINGS = NO;
				SWIFT_VERSION = 5.0;
				TARGETED_DEVICE_FAMILY = "1,2";
				TEST_HOST = "$(BUILT_PRODUCTS_DIR)/KMSuitmedia.app/$(BUNDLE_EXECUTABLE_FOLDER_PATH)/KMSuitmedia";
			};
			name = Debug;
		};
		5EB0EFA0297801240028CCA5 /* Release */ = {
			isa = XCBuildConfiguration;
			buildSettings = {
				ALWAYS_EMBED_SWIFT_STANDARD_LIBRARIES = YES;
				BUNDLE_LOADER = "$(TEST_HOST)";
				CODE_SIGN_STYLE = Automatic;
				CURRENT_PROJECT_VERSION = 1;
				DEVELOPMENT_TEAM = ZWQ368LVC2;
				GENERATE_INFOPLIST_FILE = YES;
				IPHONEOS_DEPLOYMENT_TARGET = 16.1;
				MARKETING_VERSION = 1.0;
				PRODUCT_BUNDLE_IDENTIFIER = com.andirayunita.KMSuitmediaTests;
				PRODUCT_NAME = "$(TARGET_NAME)";
				SWIFT_EMIT_LOC_STRINGS = NO;
				SWIFT_VERSION = 5.0;
				TARGETED_DEVICE_FAMILY = "1,2";
				TEST_HOST = "$(BUILT_PRODUCTS_DIR)/KMSuitmedia.app/$(BUNDLE_EXECUTABLE_FOLDER_PATH)/KMSuitmedia";
			};
			name = Release;
		};
		5EB0EFA2297801240028CCA5 /* Debug */ = {
			isa = XCBuildConfiguration;
			buildSettings = {
				ALWAYS_EMBED_SWIFT_STANDARD_LIBRARIES = YES;
				CODE_SIGN_STYLE = Automatic;
				CURRENT_PROJECT_VERSION = 1;
				DEVELOPMENT_TEAM = ZWQ368LVC2;
				GENERATE_INFOPLIST_FILE = YES;
				MARKETING_VERSION = 1.0;
				PRODUCT_BUNDLE_IDENTIFIER = com.andirayunita.KMSuitmediaUITests;
				PRODUCT_NAME = "$(TARGET_NAME)";
				SWIFT_EMIT_LOC_STRINGS = NO;
				SWIFT_VERSION = 5.0;
				TARGETED_DEVICE_FAMILY = "1,2";
				TEST_TARGET_NAME = KMSuitmedia;
			};
			name = Debug;
		};
		5EB0EFA3297801240028CCA5 /* Release */ = {
			isa = XCBuildConfiguration;
			buildSettings = {
				ALWAYS_EMBED_SWIFT_STANDARD_LIBRARIES = YES;
				CODE_SIGN_STYLE = Automatic;
				CURRENT_PROJECT_VERSION = 1;
				DEVELOPMENT_TEAM = ZWQ368LVC2;
				GENERATE_INFOPLIST_FILE = YES;
				MARKETING_VERSION = 1.0;
				PRODUCT_BUNDLE_IDENTIFIER = com.andirayunita.KMSuitmediaUITests;
				PRODUCT_NAME = "$(TARGET_NAME)";
				SWIFT_EMIT_LOC_STRINGS = NO;
				SWIFT_VERSION = 5.0;
				TARGETED_DEVICE_FAMILY = "1,2";
				TEST_TARGET_NAME = KMSuitmedia;
			};
			name = Release;
		};
/* End XCBuildConfiguration section */

/* Begin XCConfigurationList section */
		5EB0EF6C297801230028CCA5 /* Build configuration list for PBXProject "KMSuitmedia" */ = {
			isa = XCConfigurationList;
			buildConfigurations = (
				5EB0EF99297801240028CCA5 /* Debug */,
				5EB0EF9A297801240028CCA5 /* Release */,
			);
			defaultConfigurationIsVisible = 0;
			defaultConfigurationName = Release;
		};
		5EB0EF9B297801240028CCA5 /* Build configuration list for PBXNativeTarget "KMSuitmedia" */ = {
			isa = XCConfigurationList;
			buildConfigurations = (
				5EB0EF9C297801240028CCA5 /* Debug */,
				5EB0EF9D297801240028CCA5 /* Release */,
			);
			defaultConfigurationIsVisible = 0;
			defaultConfigurationName = Release;
		};
		5EB0EF9E297801240028CCA5 /* Build configuration list for PBXNativeTarget "KMSuitmediaTests" */ = {
			isa = XCConfigurationList;
			buildConfigurations = (
				5EB0EF9F297801240028CCA5 /* Debug */,
				5EB0EFA0297801240028CCA5 /* Release */,
			);
			defaultConfigurationIsVisible = 0;
			defaultConfigurationName = Release;
		};
		5EB0EFA1297801240028CCA5 /* Build configuration list for PBXNativeTarget "KMSuitmediaUITests" */ = {
			isa = XCConfigurationList;
			buildConfigurations = (
				5EB0EFA2297801240028CCA5 /* Debug */,
				5EB0EFA3297801240028CCA5 /* Release */,
			);
			defaultConfigurationIsVisible = 0;
			defaultConfigurationName = Release;
		};
/* End XCConfigurationList section */
	};
	rootObject = 5EB0EF69297801230028CCA5 /* Project object */;
}
